# THIS IS AN AUTOGENERATED FILE. DO NOT EDIT THIS FILE DIRECTLY.
# yarn lockfile v1


husky@^5.0.0-beta.0:
  version "5.0.0-beta.0"
  resolved "https://registry.yarnpkg.com/husky/-/husky-5.0.0-beta.0.tgz#b09c5a7da1da884cfd9ff0d7cfd328b77e068516"
  integrity sha512-gemLvVKIeuSuu+xp+hY5DUNjNSNk4YIgdsFhC3Wwv6tpc8VIGNR+0g+5uOpsiNNlAekcaMfO06mwSSokqLAlhQ==
